
Microsoft Visual Studio Solution File, Format Version 12.00
# Visual Studio 15
VisualStudioVersion = 15.0.28307.421
MinimumVisualStudioVersion = 10.0.40219.1
Project("{FAE04EC0-301F-11D3-BF4B-00C04F79EFBC}") = "NewWebApp", "NewWebApp\NewWebApp.csproj", "{4191ABCE-24E3-401E-86B5-832B7306358F}"
EndProject
Global
	GlobalSection(SolutionConfigurationPlatforms) = preSolution
		Debug|Any CPU = Debug|Any CPU
		Release|Any CPU = Release|Any CPU
	EndGlobalSection
	GlobalSection(ProjectConfigurationPlatforms) = postSolution
		{4191ABCE-24E3-401E-86B5-832B7306358F}.Debug|Any CPU.ActiveCfg = Debug|Any CPU
		{4191ABCE-24E3-401E-86B5-832B7306358F}.Debug|Any CPU.Build.0 = Debug|Any CPU
		{4191ABCE-24E3-401E-86B5-832B7306358F}.Release|Any CPU.ActiveCfg = Release|Any CPU
		{4191ABCE-24E3-401E-86B5-832B7306358F}.Release|Any CPU.Build.0 = Release|Any CPU
	EndGlobalSection
	GlobalSection(SolutionProperties) = preSolution
		HideSolutionNode = FALSE
	EndGlobalSection
	GlobalSection(ExtensibilityGlobals) = postSolution
		SolutionGuid = {67074D08-62B7-4B25-AC2D-C6E6081F0598}
	EndGlobalSection
EndGlobal
